// !$*UTF8*$!
{
	archiveVersion = 1;
	classes = {
	};
	objectVersion = 56;
	objects = {

/* Begin PBXBuildFile section */
		D52BCDBB2ADE9082001037D8 /* OpenGL.framework in Frameworks */ = {isa = PBXBuildFile; fileRef = D52BCDBA2ADE9082001037D8 /* OpenGL.framework */; };
		D52BCDBD2ADE93CE001037D8 /* GLUT.framework in Frameworks */ = {isa = PBXBuildFile; fileRef = D52BCDBC2ADE93CE001037D8 /* GLUT.framework */; };
		D5D770F02ADEFFDD00CDC9FB /* main.cpp in Sources */ = {isa = PBXBuildFile; fileRef = D52BCDB22ADE9054001037D8 /* main.cpp */; };
/* End PBXBuildFile section */

/* Begin PBXCopyFilesBuildPhase section */
		D52BCDAD2ADE9054001037D8 /* CopyFiles */ = {
			isa = PBXCopyFilesBuildPhase;
			buildActionMask = 2147483647;
			dstPath = /usr/share/man/man1/;
			dstSubfolderSpec = 0;
			files = (
			);
			runOnlyForDeploymentPostprocessing = 1;
		};
/* End PBXCopyFilesBuildPhase section */

/* Begin PBXFileReference section */
		D52BCDAF2ADE9054001037D8 /* CoinCollector */ = {isa = PBXFileReference; explicitFileType = "compiled.mach-o.executable"; includeInIndex = 0; path = CoinCollector; sourceTree = BUILT_PRODUCTS_DIR; };
		D52BCDB22ADE9054001037D8 /* main.cpp */ = {isa = PBXFileReference; lastKnownFileType = sourcecode.cpp.cpp; path = main.cpp; sourceTree = "<group>"; };
		D52BCDBA2ADE9082001037D8 /* OpenGL.framework */ = {isa = PBXFileReference; lastKnownFileType = wrapper.framework; name = OpenGL.framework; path = System/Library/Frameworks/OpenGL.framework; sourceTree = SDKROOT; };
		D52BCDBC2ADE93CE001037D8 /* GLUT.framework */ = {isa = PBXFileReference; lastKnownFileType = wrapper.framework; name = GLUT.framework; path = System/Library/Frameworks/GLUT.framework; sourceTree = SDKROOT; };
		D5A46D062ADFE2E30038D9F9 /* SFML-2.5.1 */ = {isa = PBXFileReference; lastKnownFileType = folder; name = "SFML-2.5.1"; path = "CoinCollector/SFML-2.5.1"; sourceTree = "<group>"; };
		D5A46D082ADFE3B50038D9F9 /* include */ = {isa = PBXFileReference; lastKnownFileType = folder; name = include; path = "CoinCollector/SFML-2.5.1/include"; sourceTree = "<group>"; };
		D5A46D0A2ADFE3E80038D9F9 /* Audio.hpp */ = {isa = PBXFileReference; lastKnownFileType = sourcecode.cpp.h; name = Audio.hpp; path = "CoinCollector/SFML-2.5.1/include/SFML/Audio.hpp"; sourceTree = "<group>"; };
		D5D770EC2ADEFFBB00CDC9FB /* GLUT.framework */ = {isa = PBXFileReference; lastKnownFileType = wrapper.framework; name = GLUT.framework; path = System/Library/Frameworks/GLUT.framework; sourceTree = SDKROOT; };
		D5D770ED2ADEFFC000CDC9FB /* OpenGL.framework */ = {isa = PBXFileReference; lastKnownFileType = wrapper.framework; name = OpenGL.framework; path = System/Library/Frameworks/OpenGL.framework; sourceTree = SDKROOT; };
		D5D770EE2ADEFFC700CDC9FB /* GLUT.framework */ = {isa = PBXFileReference; lastKnownFileType = wrapper.framework; name = GLUT.framework; path = System/Library/Frameworks/GLUT.framework; sourceTree = SDKROOT; };
		D5D770EF2ADEFFCD00CDC9FB /* OpenGL.framework */ = {isa = PBXFileReference; lastKnownFileType = wrapper.framework; name = OpenGL.framework; path = System/Library/Frameworks/OpenGL.framework; sourceTree = SDKROOT; };
/* End PBXFileReference section */

/* Begin PBXFrameworksBuildPhase section */
		D52BCDAC2ADE9054001037D8 /* Frameworks */ = {
			isa = PBXFrameworksBuildPhase;
			buildActionMask = 2147483647;
			files = (
				D52BCDBD2ADE93CE001037D8 /* GLUT.framework in Frameworks */,
				D52BCDBB2ADE9082001037D8 /* OpenGL.framework in Frameworks */,
			);
			runOnlyForDeploymentPostprocessing = 0;
		};
/* End PBXFrameworksBuildPhase section */

/* Begin PBXGroup section */
		D52BCDA62ADE9054001037D8 = {
			isa = PBXGroup;
			children = (
				D5D770ED2ADEFFC000CDC9FB /* OpenGL.framework */,
				D5D770EC2ADEFFBB00CDC9FB /* GLUT.framework */,
				D52BCDB12ADE9054001037D8 /* CoinCollector */,
				D52BCDB02ADE9054001037D8 /* Products */,
				D52BCDB92ADE9082001037D8 /* Frameworks */,
			);
			sourceTree = "<group>";
		};
		D52BCDB02ADE9054001037D8 /* Products */ = {
			isa = PBXGroup;
			children = (
				D52BCDAF2ADE9054001037D8 /* CoinCollector */,
			);
			name = Products;
			sourceTree = "<group>";
		};
		D52BCDB12ADE9054001037D8 /* CoinCollector */ = {
			isa = PBXGroup;
			children = (
				D5D770EF2ADEFFCD00CDC9FB /* OpenGL.framework */,
				D5D770EE2ADEFFC700CDC9FB /* GLUT.framework */,
				D52BCDB22ADE9054001037D8 /* main.cpp */,
			);
			path = CoinCollector;
			sourceTree = "<group>";
		};
		D52BCDB92ADE9082001037D8 /* Frameworks */ = {
			isa = PBXGroup;
			children = (
				D5A46D0A2ADFE3E80038D9F9 /* Audio.hpp */,
				D5A46D082ADFE3B50038D9F9 /* include */,
				D5A46D062ADFE2E30038D9F9 /* SFML-2.5.1 */,
				D52BCDBC2ADE93CE001037D8 /* GLUT.framework */,
				D52BCDBA2ADE9082001037D8 /* OpenGL.framework */,
			);
			name = Frameworks;
			sourceTree = "<group>";
		};
/* End PBXGroup section */

/* Begin PBXNativeTarget section */
		D52BCDAE2ADE9054001037D8 /* CoinCollector */ = {
			isa = PBXNativeTarget;
			buildConfigurationList = D52BCDB62ADE9054001037D8 /* Build configuration list for PBXNativeTarget "CoinCollector" */;
			buildPhases = (
				D52BCDAB2ADE9054001037D8 /* Sources */,
				D52BCDAC2ADE9054001037D8 /* Frameworks */,
				D52BCDAD2ADE9054001037D8 /* CopyFiles */,
			);
			buildRules = (
			);
			dependencies = (
			);
			name = CoinCollector;
			productName = CoinCollector;
			productReference = D52BCDAF2ADE9054001037D8 /* CoinCollector */;
			productType = "com.apple.product-type.tool";
		};
/* End PBXNativeTarget section */

/* Begin PBXProject section */
		D52BCDA72ADE9054001037D8 /* Project object */ = {
			isa = PBXProject;
			attributes = {
				BuildIndependentTargetsInParallel = 1;
				LastUpgradeCheck = 1500;
				TargetAttributes = {
					D52BCDAE2ADE9054001037D8 = {
						CreatedOnToolsVersion = 15.0;
					};
				};
			};
			buildConfigurationList = D52BCDAA2ADE9054001037D8 /* Build configuration list for PBXProject "CoinCollector" */;
			compatibilityVersion = "Xcode 14.0";
			developmentRegion = en;
			hasScannedForEncodings = 0;
			knownRegions = (
				en,
				Base,
			);
			mainGroup = D52BCDA62ADE9054001037D8;
			productRefGroup = D52BCDB02ADE9054001037D8 /* Products */;
			projectDirPath = "";
			projectRoot = "";
			targets = (
				D52BCDAE2ADE9054001037D8 /* CoinCollector */,
			);
		};
/* End PBXProject section */

/* Begin PBXSourcesBuildPhase section */
		D52BCDAB2ADE9054001037D8 /* Sources */ = {
			isa = PBXSourcesBuildPhase;
			buildActionMask = 2147483647;
			files = (
				D5D770F02ADEFFDD00CDC9FB /* main.cpp in Sources */,
			);
			runOnlyForDeploymentPostprocessing = 0;
		};
/* End PBXSourcesBuildPhase section */

/* Begin XCBuildConfiguration section */
		D52BCDB42ADE9054001037D8 /* Debug */ = {
			isa = XCBuildConfiguration;
			buildSettings = {
				ALWAYS_SEARCH_USER_PATHS = NO;
				ASSETCATALOG_COMPILER_GENERATE_SWIFT_ASSET_SYMBOL_EXTENSIONS = YES;
				CLANG_ANALYZER_NONNULL = YES;
				CLANG_ANALYZER_NUMBER_OBJECT_CONVERSION = YES_AGGRESSIVE;
				CLANG_CXX_LANGUAGE_STANDARD = "gnu++20";
				CLANG_ENABLE_MODULES = YES;
				CLANG_ENABLE_OBJC_ARC = YES;
				CLANG_ENABLE_OBJC_WEAK = YES;
				CLANG_WARN_BLOCK_CAPTURE_AUTORELEASING = YES;
				CLANG_WARN_BOOL_CONVERSION = YES;
				CLANG_WARN_COMMA = YES;
				CLANG_WARN_CONSTANT_CONVERSION = YES;
				CLANG_WARN_DEPRECATED_OBJC_IMPLEMENTATIONS = YES;
				CLANG_WARN_DIRECT_OBJC_ISA_USAGE = YES_ERROR;
				CLANG_WARN_DOCUMENTATION_COMMENTS = YES;
				CLANG_WARN_EMPTY_BODY = YES;
				CLANG_WARN_ENUM_CONVERSION = YES;
				CLANG_WARN_INFINITE_RECURSION = YES;
				CLANG_WARN_INT_CONVERSION = YES;
				CLANG_WARN_NON_LITERAL_NULL_CONVERSION = YES;
				CLANG_WARN_OBJC_IMPLICIT_RETAIN_SELF = YES;
				CLANG_WARN_OBJC_LITERAL_CONVERSION = YES;
				CLANG_WARN_OBJC_ROOT_CLASS = YES_ERROR;
				CLANG_WARN_QUOTED_INCLUDE_IN_FRAMEWORK_HEADER = YES;
				CLANG_WARN_RANGE_LOOP_ANALYSIS = YES;
				CLANG_WARN_STRICT_PROTOTYPES = YES;
				CLANG_WARN_SUSPICIOUS_MOVE = YES;
				CLANG_WARN_UNGUARDED_AVAILABILITY = YES_AGGRESSIVE;
				CLANG_WARN_UNREACHABLE_CODE = YES;
				CLANG_WARN__DUPLICATE_METHOD_MATCH = YES;
				COPY_PHASE_STRIP = NO;
				DEBUG_INFORMATION_FORMAT = dwarf;
				ENABLE_STRICT_OBJC_MSGSEND = YES;
				ENABLE_TESTABILITY = YES;
				ENABLE_USER_SCRIPT_SANDBOXING = YES;
				GCC_C_LANGUAGE_STANDARD = gnu17;
				GCC_DYNAMIC_NO_PIC = NO;
				GCC_NO_COMMON_BLOCKS = YES;
				GCC_OPTIMIZATION_LEVEL = 0;
				GCC_PREPROCESSOR_DEFINITIONS = (
					"DEBUG=1",
					"$(inherited)",
				);
				GCC_WARN_64_TO_32_BIT_CONVERSION = YES;
				GCC_WARN_ABOUT_RETURN_TYPE = YES_ERROR;
				GCC_WARN_UNDECLARED_SELECTOR = YES;
				GCC_WARN_UNINITIALIZED_AUTOS = YES_AGGRESSIVE;
				GCC_WARN_UNUSED_FUNCTION = YES;
				GCC_WARN_UNUSED_VARIABLE = YES;
				LOCALIZATION_PREFERS_STRING_CATALOGS = YES;
				MACOSX_DEPLOYMENT_TARGET = 14.0;
				MTL_ENABLE_DEBUG_INFO = INCLUDE_SOURCE;
				MTL_FAST_MATH = YES;
				ONLY_ACTIVE_ARCH = YES;
				SDKROOT = macosx;
			};
			name = Debug;
		};
		D52BCDB52ADE9054001037D8 /* Release */ = {
			isa = XCBuildConfiguration;
			buildSettings = {
				ALWAYS_SEARCH_USER_PATHS = NO;
				ASSETCATALOG_COMPILER_GENERATE_SWIFT_ASSET_SYMBOL_EXTENSIONS = YES;
				CLANG_ANALYZER_NONNULL = YES;
				CLANG_ANALYZER_NUMBER_OBJECT_CONVERSION = YES_AGGRESSIVE;
				CLANG_CXX_LANGUAGE_STANDARD = "gnu++20";
				CLANG_ENABLE_MODULES = YES;
				CLANG_ENABLE_OBJC_ARC = YES;
				CLANG_ENABLE_OBJC_WEAK = YES;
				CLANG_WARN_BLOCK_CAPTURE_AUTORELEASING = YES;
				CLANG_WARN_BOOL_CONVERSION = YES;
				CLANG_WARN_COMMA = YES;
				CLANG_WARN_CONSTANT_CONVERSION = YES;
				CLANG_WARN_DEPRECATED_OBJC_IMPLEMENTATIONS = YES;
				CLANG_WARN_DIRECT_OBJC_ISA_USAGE = YES_ERROR;
				CLANG_WARN_DOCUMENTATION_COMMENTS = YES;
				CLANG_WARN_EMPTY_BODY = YES;
				CLANG_WARN_ENUM_CONVERSION = YES;
				CLANG_WARN_INFINITE_RECURSION = YES;
				CLANG_WARN_INT_CONVERSION = YES;
				CLANG_WARN_NON_LITERAL_NULL_CONVERSION = YES;
				CLANG_WARN_OBJC_IMPLICIT_RETAIN_SELF = YES;
				CLANG_WARN_OBJC_LITERAL_CONVERSION = YES;
				CLANG_WARN_OBJC_ROOT_CLASS = YES_ERROR;
				CLANG_WARN_QUOTED_INCLUDE_IN_FRAMEWORK_HEADER = YES;
				CLANG_WARN_RANGE_LOOP_ANALYSIS = YES;
				CLANG_WARN_STRICT_PROTOTYPES = YES;
				CLANG_WARN_SUSPICIOUS_MOVE = YES;
				CLANG_WARN_UNGUARDED_AVAILABILITY = YES_AGGRESSIVE;
				CLANG_WARN_UNREACHABLE_CODE = YES;
				CLANG_WARN__DUPLICATE_METHOD_MATCH = YES;
				COPY_PHASE_STRIP = NO;
				DEBUG_INFORMATION_FORMAT = "dwarf-with-dsym";
				ENABLE_NS_ASSERTIONS = NO;
				ENABLE_STRICT_OBJC_MSGSEND = YES;
				ENABLE_USER_SCRIPT_SANDBOXING = YES;
				GCC_C_LANGUAGE_STANDARD = gnu17;
				GCC_NO_COMMON_BLOCKS = YES;
				GCC_WARN_64_TO_32_BIT_CONVERSION = YES;
				GCC_WARN_ABOUT_RETURN_TYPE = YES_ERROR;
				GCC_WARN_UNDECLARED_SELECTOR = YES;
				GCC_WARN_UNINITIALIZED_AUTOS = YES_AGGRESSIVE;
				GCC_WARN_UNUSED_FUNCTION = YES;
				GCC_WARN_UNUSED_VARIABLE = YES;
				LOCALIZATION_PREFERS_STRING_CATALOGS = YES;
				MACOSX_DEPLOYMENT_TARGET = 14.0;
				MTL_ENABLE_DEBUG_INFO = NO;
				MTL_FAST_MATH = YES;
				SDKROOT = macosx;
			};
			name = Release;
		};
		D52BCDB72ADE9054001037D8 /* Debug */ = {
			isa = XCBuildConfiguration;
			buildSettings = {
				CODE_SIGN_STYLE = Automatic;
				"GCC_PREPROCESSOR_DEFINITIONS[arch=*]" = "GL_SILENCE_DEPRECATION\n";
				"HEADER_SEARCH_PATHS[arch=*]" = "/usr/local/include\n";
				PRODUCT_NAME = "$(TARGET_NAME)";
			};
			name = Debug;
		};
		D52BCDB82ADE9054001037D8 /* Release */ = {
			isa = XCBuildConfiguration;
			buildSettings = {
				CODE_SIGN_STYLE = Automatic;
				"GCC_PREPROCESSOR_DEFINITIONS[arch=*]" = "GL_SILENCE_DEPRECATION\n";
				"HEADER_SEARCH_PATHS[arch=*]" = "/usr/local/include\n";
				PRODUCT_NAME = "$(TARGET_NAME)";
			};
			name = Release;
		};
/* End XCBuildConfiguration section */

/* Begin XCConfigurationList section */
		D52BCDAA2ADE9054001037D8 /* Build configuration list for PBXProject "CoinCollector" */ = {
			isa = XCConfigurationList;
			buildConfigurations = (
				D52BCDB42ADE9054001037D8 /* Debug */,
				D52BCDB52ADE9054001037D8 /* Release */,
			);
			defaultConfigurationIsVisible = 0;
			defaultConfigurationName = Release;
		};
		D52BCDB62ADE9054001037D8 /* Build configuration list for PBXNativeTarget "CoinCollector" */ = {
			isa = XCConfigurationList;
			buildConfigurations = (
				D52BCDB72ADE9054001037D8 /* Debug */,
				D52BCDB82ADE9054001037D8 /* Release */,
			);
			defaultConfigurationIsVisible = 0;
			defaultConfigurationName = Release;
		};
/* End XCConfigurationList section */
	};
	rootObject = D52BCDA72ADE9054001037D8 /* Project object */;
}
